// !$*UTF8*$!
{
	archiveVersion = 1;
	classes = {
	};
	objectVersion = 56;
	objects = {

/* Begin PBXBuildFile section */
		CC1410D72B00EBBD00ADA0FD /* Transaction.swift in Sources */ = {isa = PBXBuildFile; fileRef = CCCB48442AFFB1BF008FF86B /* Transaction.swift */; };
		CC1410D92B00EBC700ADA0FD /* PreviewSampleData.swift in Sources */ = {isa = PBXBuildFile; fileRef = CCCB48542AFFBFEF008FF86B /* PreviewSampleData.swift */; };
		CC1410DA2B00EBC900ADA0FD /* Category.swift in Sources */ = {isa = PBXBuildFile; fileRef = CCCB48462AFFB2A8008FF86B /* Category.swift */; };
		CC1410DB2B00EBCC00ADA0FD /* CodableColor.swift in Sources */ = {isa = PBXBuildFile; fileRef = CCCB48482AFFB354008FF86B /* CodableColor.swift */; };
		CC1410DC2B00EBCE00ADA0FD /* PrefersTabNavigationEnvironmentKey.swift in Sources */ = {isa = PBXBuildFile; fileRef = CCCB48642AFFD681008FF86B /* PrefersTabNavigationEnvironmentKey.swift */; };
		CC1410DD2B00EBD400ADA0FD /* Color+Extension.swift in Sources */ = {isa = PBXBuildFile; fileRef = CCCB484A2AFFB376008FF86B /* Color+Extension.swift */; };
		CC1410DE2B00EBDA00ADA0FD /* Optional+Extension.swift in Sources */ = {isa = PBXBuildFile; fileRef = CCCB48742B00701B008FF86B /* Optional+Extension.swift */; };
		CC1410DF2B00EBDD00ADA0FD /* FormatStyle + Extension.swift in Sources */ = {isa = PBXBuildFile; fileRef = CCCB48622AFFCCAE008FF86B /* FormatStyle + Extension.swift */; };
		CC1410E02B00EBE100ADA0FD /* UIColor+Extension.swift in Sources */ = {isa = PBXBuildFile; fileRef = CCCB484C2AFFB37E008FF86B /* UIColor+Extension.swift */; };
		CC1410E12B00EBE500ADA0FD /* Transaction+Extension.swift in Sources */ = {isa = PBXBuildFile; fileRef = CCCB48502AFFBB55008FF86B /* Transaction+Extension.swift */; };
		CC1410E22B00EBE700ADA0FD /* Category+Extension.swift in Sources */ = {isa = PBXBuildFile; fileRef = CCCB48522AFFBCAB008FF86B /* Category+Extension.swift */; };
		CC1410E32B00FF8C00ADA0FD /* TransactionView.swift in Sources */ = {isa = PBXBuildFile; fileRef = CCCB48602AFFC6EE008FF86B /* TransactionView.swift */; };
		CC1410E82B018B7F00ADA0FD /* DataModel.swift in Sources */ = {isa = PBXBuildFile; fileRef = CC1410E72B018B7F00ADA0FD /* DataModel.swift */; };
		CC1410EA2B01903800ADA0FD /* TransactionListView.swift in Sources */ = {isa = PBXBuildFile; fileRef = CC1410E92B01903800ADA0FD /* TransactionListView.swift */; };
		CC1410EC2B01910800ADA0FD /* DetailRow.swift in Sources */ = {isa = PBXBuildFile; fileRef = CC1410EB2B01910800ADA0FD /* DetailRow.swift */; };
		CC1410EE2B01990D00ADA0FD /* TransactionEditor+Extension.swift in Sources */ = {isa = PBXBuildFile; fileRef = CC1410ED2B01990D00ADA0FD /* TransactionEditor+Extension.swift */; };
		CC70BF252B00E97A00CB22DA /* WidgetKit.framework in Frameworks */ = {isa = PBXBuildFile; fileRef = CC70BF242B00E97A00CB22DA /* WidgetKit.framework */; };
		CC70BF272B00E97A00CB22DA /* SwiftUI.framework in Frameworks */ = {isa = PBXBuildFile; fileRef = CC70BF262B00E97A00CB22DA /* SwiftUI.framework */; };
		CC70BF2A2B00E97A00CB22DA /* SuperExpenseWidgetBundle.swift in Sources */ = {isa = PBXBuildFile; fileRef = CC70BF292B00E97A00CB22DA /* SuperExpenseWidgetBundle.swift */; };
		CC70BF2C2B00E97A00CB22DA /* SuperExpenseWidget.swift in Sources */ = {isa = PBXBuildFile; fileRef = CC70BF2B2B00E97A00CB22DA /* SuperExpenseWidget.swift */; };
		CC70BF2E2B00E97C00CB22DA /* Assets.xcassets in Resources */ = {isa = PBXBuildFile; fileRef = CC70BF2D2B00E97C00CB22DA /* Assets.xcassets */; };
		CC70BF322B00E97C00CB22DA /* SuperExpenseWidgetExtension.appex in Embed Foundation Extensions */ = {isa = PBXBuildFile; fileRef = CC70BF222B00E97A00CB22DA /* SuperExpenseWidgetExtension.appex */; settings = {ATTRIBUTES = (RemoveHeadersOnCopy, ); }; };
		CCCB48332AFFB14E008FF86B /* SuperExpensesApp.swift in Sources */ = {isa = PBXBuildFile; fileRef = CCCB48322AFFB14E008FF86B /* SuperExpensesApp.swift */; };
		CCCB48352AFFB14E008FF86B /* ContentView.swift in Sources */ = {isa = PBXBuildFile; fileRef = CCCB48342AFFB14E008FF86B /* ContentView.swift */; };
		CCCB48372AFFB150008FF86B /* Assets.xcassets in Resources */ = {isa = PBXBuildFile; fileRef = CCCB48362AFFB150008FF86B /* Assets.xcassets */; };
		CCCB483B2AFFB150008FF86B /* Preview Assets.xcassets in Resources */ = {isa = PBXBuildFile; fileRef = CCCB483A2AFFB150008FF86B /* Preview Assets.xcassets */; };
		CCCB48452AFFB1BF008FF86B /* Transaction.swift in Sources */ = {isa = PBXBuildFile; fileRef = CCCB48442AFFB1BF008FF86B /* Transaction.swift */; };
		CCCB48472AFFB2A8008FF86B /* Category.swift in Sources */ = {isa = PBXBuildFile; fileRef = CCCB48462AFFB2A8008FF86B /* Category.swift */; };
		CCCB48492AFFB354008FF86B /* CodableColor.swift in Sources */ = {isa = PBXBuildFile; fileRef = CCCB48482AFFB354008FF86B /* CodableColor.swift */; };
		CCCB484B2AFFB376008FF86B /* Color+Extension.swift in Sources */ = {isa = PBXBuildFile; fileRef = CCCB484A2AFFB376008FF86B /* Color+Extension.swift */; };
		CCCB484D2AFFB37E008FF86B /* UIColor+Extension.swift in Sources */ = {isa = PBXBuildFile; fileRef = CCCB484C2AFFB37E008FF86B /* UIColor+Extension.swift */; };
		CCCB48512AFFBB55008FF86B /* Transaction+Extension.swift in Sources */ = {isa = PBXBuildFile; fileRef = CCCB48502AFFBB55008FF86B /* Transaction+Extension.swift */; };
		CCCB48532AFFBCAB008FF86B /* Category+Extension.swift in Sources */ = {isa = PBXBuildFile; fileRef = CCCB48522AFFBCAB008FF86B /* Category+Extension.swift */; };
		CCCB48552AFFBFEF008FF86B /* PreviewSampleData.swift in Sources */ = {isa = PBXBuildFile; fileRef = CCCB48542AFFBFEF008FF86B /* PreviewSampleData.swift */; };
		CCCB48572AFFC37B008FF86B /* AppScreen.swift in Sources */ = {isa = PBXBuildFile; fileRef = CCCB48562AFFC37B008FF86B /* AppScreen.swift */; };
		CCCB48592AFFC669008FF86B /* Home.swift in Sources */ = {isa = PBXBuildFile; fileRef = CCCB48582AFFC669008FF86B /* Home.swift */; };
		CCCB485B2AFFC678008FF86B /* TransactionsView.swift in Sources */ = {isa = PBXBuildFile; fileRef = CCCB485A2AFFC678008FF86B /* TransactionsView.swift */; };
		CCCB485D2AFFC687008FF86B /* Statistics.swift in Sources */ = {isa = PBXBuildFile; fileRef = CCCB485C2AFFC687008FF86B /* Statistics.swift */; };
		CCCB485F2AFFC690008FF86B /* Profile.swift in Sources */ = {isa = PBXBuildFile; fileRef = CCCB485E2AFFC690008FF86B /* Profile.swift */; };
		CCCB48612AFFC6EE008FF86B /* TransactionView.swift in Sources */ = {isa = PBXBuildFile; fileRef = CCCB48602AFFC6EE008FF86B /* TransactionView.swift */; };
		CCCB48632AFFCCAE008FF86B /* FormatStyle + Extension.swift in Sources */ = {isa = PBXBuildFile; fileRef = CCCB48622AFFCCAE008FF86B /* FormatStyle + Extension.swift */; };
		CCCB48652AFFD681008FF86B /* PrefersTabNavigationEnvironmentKey.swift in Sources */ = {isa = PBXBuildFile; fileRef = CCCB48642AFFD681008FF86B /* PrefersTabNavigationEnvironmentKey.swift */; };
		CCCB48672AFFD6EB008FF86B /* AppTabView.swift in Sources */ = {isa = PBXBuildFile; fileRef = CCCB48662AFFD6EB008FF86B /* AppTabView.swift */; };
		CCCB48692AFFD7C9008FF86B /* TransactionDetailView.swift in Sources */ = {isa = PBXBuildFile; fileRef = CCCB48682AFFD7C9008FF86B /* TransactionDetailView.swift */; };
		CCCB486B2AFFD803008FF86B /* AppSidebarList.swift in Sources */ = {isa = PBXBuildFile; fileRef = CCCB486A2AFFD803008FF86B /* AppSidebarList.swift */; };
		CCCB486D2AFFD872008FF86B /* AppContentColumn.swift in Sources */ = {isa = PBXBuildFile; fileRef = CCCB486C2AFFD872008FF86B /* AppContentColumn.swift */; };
		CCCB486F2AFFD8EA008FF86B /* AppDetailColumn.swift in Sources */ = {isa = PBXBuildFile; fileRef = CCCB486E2AFFD8EA008FF86B /* AppDetailColumn.swift */; };
		CCCB48732B006CDE008FF86B /* TransactionEditor.swift in Sources */ = {isa = PBXBuildFile; fileRef = CCCB48722B006CDE008FF86B /* TransactionEditor.swift */; };
		CCCB48752B00701B008FF86B /* Optional+Extension.swift in Sources */ = {isa = PBXBuildFile; fileRef = CCCB48742B00701B008FF86B /* Optional+Extension.swift */; };
		CCCB48772B007D68008FF86B /* CategoryListView.swift in Sources */ = {isa = PBXBuildFile; fileRef = CCCB48762B007D68008FF86B /* CategoryListView.swift */; };
		CCCB48792B0085D2008FF86B /* AllTransactions.swift in Sources */ = {isa = PBXBuildFile; fileRef = CCCB48782B0085D2008FF86B /* AllTransactions.swift */; };
/* End PBXBuildFile section */

/* Begin PBXContainerItemProxy section */
		CC70BF302B00E97C00CB22DA /* PBXContainerItemProxy */ = {
			isa = PBXContainerItemProxy;
			containerPortal = CCCB48272AFFB14E008FF86B /* Project object */;
			proxyType = 1;
			remoteGlobalIDString = CC70BF212B00E97A00CB22DA;
			remoteInfo = SuperExpenseWidgetExtension;
		};
/* End PBXContainerItemProxy section */

/* Begin PBXCopyFilesBuildPhase section */
		CC70BF362B00E97C00CB22DA /* Embed Foundation Extensions */ = {
			isa = PBXCopyFilesBuildPhase;
			buildActionMask = 2147483647;
			dstPath = "";
			dstSubfolderSpec = 13;
			files = (
				CC70BF322B00E97C00CB22DA /* SuperExpenseWidgetExtension.appex in Embed Foundation Extensions */,
			);
			name = "Embed Foundation Extensions";
			runOnlyForDeploymentPostprocessing = 0;
		};
/* End PBXCopyFilesBuildPhase section */

/* Begin PBXFileReference section */
		CC1410E72B018B7F00ADA0FD /* DataModel.swift */ = {isa = PBXFileReference; lastKnownFileType = sourcecode.swift; path = DataModel.swift; sourceTree = "<group>"; };
		CC1410E92B01903800ADA0FD /* TransactionListView.swift */ = {isa = PBXFileReference; lastKnownFileType = sourcecode.swift; path = TransactionListView.swift; sourceTree = "<group>"; };
		CC1410EB2B01910800ADA0FD /* DetailRow.swift */ = {isa = PBXFileReference; lastKnownFileType = sourcecode.swift; path = DetailRow.swift; sourceTree = "<group>"; };
		CC1410ED2B01990D00ADA0FD /* TransactionEditor+Extension.swift */ = {isa = PBXFileReference; lastKnownFileType = sourcecode.swift; path = "TransactionEditor+Extension.swift"; sourceTree = "<group>"; };
		CC70BF1D2B00DD8500CB22DA /* Info.plist */ = {isa = PBXFileReference; lastKnownFileType = text.plist; path = Info.plist; sourceTree = "<group>"; };
		CC70BF222B00E97A00CB22DA /* SuperExpenseWidgetExtension.appex */ = {isa = PBXFileReference; explicitFileType = "wrapper.app-extension"; includeInIndex = 0; path = SuperExpenseWidgetExtension.appex; sourceTree = BUILT_PRODUCTS_DIR; };
		CC70BF242B00E97A00CB22DA /* WidgetKit.framework */ = {isa = PBXFileReference; lastKnownFileType = wrapper.framework; name = WidgetKit.framework; path = System/Library/Frameworks/WidgetKit.framework; sourceTree = SDKROOT; };
		CC70BF262B00E97A00CB22DA /* SwiftUI.framework */ = {isa = PBXFileReference; lastKnownFileType = wrapper.framework; name = SwiftUI.framework; path = System/Library/Frameworks/SwiftUI.framework; sourceTree = SDKROOT; };
		CC70BF292B00E97A00CB22DA /* SuperExpenseWidgetBundle.swift */ = {isa = PBXFileReference; lastKnownFileType = sourcecode.swift; path = SuperExpenseWidgetBundle.swift; sourceTree = "<group>"; };
		CC70BF2B2B00E97A00CB22DA /* SuperExpenseWidget.swift */ = {isa = PBXFileReference; lastKnownFileType = sourcecode.swift; path = SuperExpenseWidget.swift; sourceTree = "<group>"; };
		CC70BF2D2B00E97C00CB22DA /* Assets.xcassets */ = {isa = PBXFileReference; lastKnownFileType = folder.assetcatalog; path = Assets.xcassets; sourceTree = "<group>"; };
		CC70BF2F2B00E97C00CB22DA /* Info.plist */ = {isa = PBXFileReference; lastKnownFileType = text.plist.xml; path = Info.plist; sourceTree = "<group>"; };
		CC70BF372B00E98F00CB22DA /* SuperExpenseWidgetExtension.entitlements */ = {isa = PBXFileReference; lastKnownFileType = text.plist.entitlements; path = SuperExpenseWidgetExtension.entitlements; sourceTree = "<group>"; };
		CCCB482F2AFFB14E008FF86B /* SuperExpenses.app */ = {isa = PBXFileReference; explicitFileType = wrapper.application; includeInIndex = 0; path = SuperExpenses.app; sourceTree = BUILT_PRODUCTS_DIR; };
		CCCB48322AFFB14E008FF86B /* SuperExpensesApp.swift */ = {isa = PBXFileReference; lastKnownFileType = sourcecode.swift; path = SuperExpensesApp.swift; sourceTree = "<group>"; };
		CCCB48342AFFB14E008FF86B /* ContentView.swift */ = {isa = PBXFileReference; lastKnownFileType = sourcecode.swift; path = ContentView.swift; sourceTree = "<group>"; };
		CCCB48362AFFB150008FF86B /* Assets.xcassets */ = {isa = PBXFileReference; lastKnownFileType = folder.assetcatalog; path = Assets.xcassets; sourceTree = "<group>"; };
		CCCB48382AFFB150008FF86B /* SuperExpenses.entitlements */ = {isa = PBXFileReference; lastKnownFileType = text.plist.entitlements; path = SuperExpenses.entitlements; sourceTree = "<group>"; };
		CCCB483A2AFFB150008FF86B /* Preview Assets.xcassets */ = {isa = PBXFileReference; lastKnownFileType = folder.assetcatalog; path = "Preview Assets.xcassets"; sourceTree = "<group>"; };
		CCCB48442AFFB1BF008FF86B /* Transaction.swift */ = {isa = PBXFileReference; lastKnownFileType = sourcecode.swift; path = Transaction.swift; sourceTree = "<group>"; };
		CCCB48462AFFB2A8008FF86B /* Category.swift */ = {isa = PBXFileReference; lastKnownFileType = sourcecode.swift; path = Category.swift; sourceTree = "<group>"; };
		CCCB48482AFFB354008FF86B /* CodableColor.swift */ = {isa = PBXFileReference; lastKnownFileType = sourcecode.swift; path = CodableColor.swift; sourceTree = "<group>"; };
		CCCB484A2AFFB376008FF86B /* Color+Extension.swift */ = {isa = PBXFileReference; lastKnownFileType = sourcecode.swift; path = "Color+Extension.swift"; sourceTree = "<group>"; };
		CCCB484C2AFFB37E008FF86B /* UIColor+Extension.swift */ = {isa = PBXFileReference; lastKnownFileType = sourcecode.swift; path = "UIColor+Extension.swift"; sourceTree = "<group>"; };
		CCCB48502AFFBB55008FF86B /* Transaction+Extension.swift */ = {isa = PBXFileReference; lastKnownFileType = sourcecode.swift; path = "Transaction+Extension.swift"; sourceTree = "<group>"; };
		CCCB48522AFFBCAB008FF86B /* Category+Extension.swift */ = {isa = PBXFileReference; lastKnownFileType = sourcecode.swift; path = "Category+Extension.swift"; sourceTree = "<group>"; };
		CCCB48542AFFBFEF008FF86B /* PreviewSampleData.swift */ = {isa = PBXFileReference; lastKnownFileType = sourcecode.swift; path = PreviewSampleData.swift; sourceTree = "<group>"; };
		CCCB48562AFFC37B008FF86B /* AppScreen.swift */ = {isa = PBXFileReference; lastKnownFileType = sourcecode.swift; path = AppScreen.swift; sourceTree = "<group>"; };
		CCCB48582AFFC669008FF86B /* Home.swift */ = {isa = PBXFileReference; lastKnownFileType = sourcecode.swift; path = Home.swift; sourceTree = "<group>"; };
		CCCB485A2AFFC678008FF86B /* TransactionsView.swift */ = {isa = PBXFileReference; lastKnownFileType = sourcecode.swift; path = TransactionsView.swift; sourceTree = "<group>"; };
		CCCB485C2AFFC687008FF86B /* Statistics.swift */ = {isa = PBXFileReference; lastKnownFileType = sourcecode.swift; path = Statistics.swift; sourceTree = "<group>"; };
		CCCB485E2AFFC690008FF86B /* Profile.swift */ = {isa = PBXFileReference; lastKnownFileType = sourcecode.swift; path = Profile.swift; sourceTree = "<group>"; };
		CCCB48602AFFC6EE008FF86B /* TransactionView.swift */ = {isa = PBXFileReference; lastKnownFileType = sourcecode.swift; path = TransactionView.swift; sourceTree = "<group>"; };
		CCCB48622AFFCCAE008FF86B /* FormatStyle + Extension.swift */ = {isa = PBXFileReference; lastKnownFileType = sourcecode.swift; path = "FormatStyle + Extension.swift"; sourceTree = "<group>"; };
		CCCB48642AFFD681008FF86B /* PrefersTabNavigationEnvironmentKey.swift */ = {isa = PBXFileReference; lastKnownFileType = sourcecode.swift; path = PrefersTabNavigationEnvironmentKey.swift; sourceTree = "<group>"; };
		CCCB48662AFFD6EB008FF86B /* AppTabView.swift */ = {isa = PBXFileReference; lastKnownFileType = sourcecode.swift; path = AppTabView.swift; sourceTree = "<group>"; };
		CCCB48682AFFD7C9008FF86B /* TransactionDetailView.swift */ = {isa = PBXFileReference; lastKnownFileType = sourcecode.swift; path = TransactionDetailView.swift; sourceTree = "<group>"; };
		CCCB486A2AFFD803008FF86B /* AppSidebarList.swift */ = {isa = PBXFileReference; lastKnownFileType = sourcecode.swift; path = AppSidebarList.swift; sourceTree = "<group>"; };
		CCCB486C2AFFD872008FF86B /* AppContentColumn.swift */ = {isa = PBXFileReference; lastKnownFileType = sourcecode.swift; path = AppContentColumn.swift; sourceTree = "<group>"; };
		CCCB486E2AFFD8EA008FF86B /* AppDetailColumn.swift */ = {isa = PBXFileReference; lastKnownFileType = sourcecode.swift; path = AppDetailColumn.swift; sourceTree = "<group>"; };
		CCCB48722B006CDE008FF86B /* TransactionEditor.swift */ = {isa = PBXFileReference; lastKnownFileType = sourcecode.swift; path = TransactionEditor.swift; sourceTree = "<group>"; };
		CCCB48742B00701B008FF86B /* Optional+Extension.swift */ = {isa = PBXFileReference; lastKnownFileType = sourcecode.swift; path = "Optional+Extension.swift"; sourceTree = "<group>"; };
		CCCB48762B007D68008FF86B /* CategoryListView.swift */ = {isa = PBXFileReference; lastKnownFileType = sourcecode.swift; path = CategoryListView.swift; sourceTree = "<group>"; };
		CCCB48782B0085D2008FF86B /* AllTransactions.swift */ = {isa = PBXFileReference; lastKnownFileType = sourcecode.swift; path = AllTransactions.swift; sourceTree = "<group>"; };
/* End PBXFileReference section */

/* Begin PBXFrameworksBuildPhase section */
		CC70BF1F2B00E97A00CB22DA /* Frameworks */ = {
			isa = PBXFrameworksBuildPhase;
			buildActionMask = 2147483647;
			files = (
				CC70BF272B00E97A00CB22DA /* SwiftUI.framework in Frameworks */,
				CC70BF252B00E97A00CB22DA /* WidgetKit.framework in Frameworks */,
			);
			runOnlyForDeploymentPostprocessing = 0;
		};
		CCCB482C2AFFB14E008FF86B /* Frameworks */ = {
			isa = PBXFrameworksBuildPhase;
			buildActionMask = 2147483647;
			files = (
			);
			runOnlyForDeploymentPostprocessing = 0;
		};
/* End PBXFrameworksBuildPhase section */

/* Begin PBXGroup section */
		CC1410E62B018B6800ADA0FD /* ViewModel */ = {
			isa = PBXGroup;
			children = (
				CC1410E72B018B7F00ADA0FD /* DataModel.swift */,
			);
			path = ViewModel;
			sourceTree = "<group>";
		};
		CC70BF232B00E97A00CB22DA /* Frameworks */ = {
			isa = PBXGroup;
			children = (
				CC70BF242B00E97A00CB22DA /* WidgetKit.framework */,
				CC70BF262B00E97A00CB22DA /* SwiftUI.framework */,
			);
			name = Frameworks;
			sourceTree = "<group>";
		};
		CC70BF282B00E97A00CB22DA /* SuperExpenseWidget */ = {
			isa = PBXGroup;
			children = (
				CC70BF292B00E97A00CB22DA /* SuperExpenseWidgetBundle.swift */,
				CC70BF2B2B00E97A00CB22DA /* SuperExpenseWidget.swift */,
				CC70BF2D2B00E97C00CB22DA /* Assets.xcassets */,
				CC70BF2F2B00E97C00CB22DA /* Info.plist */,
			);
			path = SuperExpenseWidget;
			sourceTree = "<group>";
		};
		CCCB48262AFFB14E008FF86B = {
			isa = PBXGroup;
			children = (
				CC70BF372B00E98F00CB22DA /* SuperExpenseWidgetExtension.entitlements */,
				CCCB48312AFFB14E008FF86B /* SuperExpenses */,
				CC70BF282B00E97A00CB22DA /* SuperExpenseWidget */,
				CC70BF232B00E97A00CB22DA /* Frameworks */,
				CCCB48302AFFB14E008FF86B /* Products */,
			);
			sourceTree = "<group>";
		};
		CCCB48302AFFB14E008FF86B /* Products */ = {
			isa = PBXGroup;
			children = (
				CCCB482F2AFFB14E008FF86B /* SuperExpenses.app */,
				CC70BF222B00E97A00CB22DA /* SuperExpenseWidgetExtension.appex */,
			);
			name = Products;
			sourceTree = "<group>";
		};
		CCCB48312AFFB14E008FF86B /* SuperExpenses */ = {
			isa = PBXGroup;
			children = (
				CC70BF1D2B00DD8500CB22DA /* Info.plist */,
				CCCB48322AFFB14E008FF86B /* SuperExpensesApp.swift */,
				CC1410E62B018B6800ADA0FD /* ViewModel */,
				CCCB48432AFFB1A2008FF86B /* Extension */,
				CCCB48422AFFB19E008FF86B /* Model */,
				CCCB48412AFFB19A008FF86B /* View */,
				CCCB48362AFFB150008FF86B /* Assets.xcassets */,
				CCCB48382AFFB150008FF86B /* SuperExpenses.entitlements */,
				CCCB48392AFFB150008FF86B /* Preview Content */,
			);
			path = SuperExpenses;
			sourceTree = "<group>";
		};
		CCCB48392AFFB150008FF86B /* Preview Content */ = {
			isa = PBXGroup;
			children = (
				CCCB483A2AFFB150008FF86B /* Preview Assets.xcassets */,
			);
			path = "Preview Content";
			sourceTree = "<group>";
		};
		CCCB48412AFFB19A008FF86B /* View */ = {
			isa = PBXGroup;
			children = (
				CCCB48342AFFB14E008FF86B /* ContentView.swift */,
				CCCB48762B007D68008FF86B /* CategoryListView.swift */,
				CCCB48722B006CDE008FF86B /* TransactionEditor.swift */,
				CCCB48582AFFC669008FF86B /* Home.swift */,
				CCCB486A2AFFD803008FF86B /* AppSidebarList.swift */,
				CCCB486C2AFFD872008FF86B /* AppContentColumn.swift */,
				CCCB486E2AFFD8EA008FF86B /* AppDetailColumn.swift */,
				CCCB48682AFFD7C9008FF86B /* TransactionDetailView.swift */,
				CC1410EB2B01910800ADA0FD /* DetailRow.swift */,
				CCCB48662AFFD6EB008FF86B /* AppTabView.swift */,
				CCCB485A2AFFC678008FF86B /* TransactionsView.swift */,
				CC1410E92B01903800ADA0FD /* TransactionListView.swift */,
				CCCB48782B0085D2008FF86B /* AllTransactions.swift */,
				CCCB48602AFFC6EE008FF86B /* TransactionView.swift */,
				CCCB485C2AFFC687008FF86B /* Statistics.swift */,
				CCCB485E2AFFC690008FF86B /* Profile.swift */,
			);
			path = View;
			sourceTree = "<group>";
		};
		CCCB48422AFFB19E008FF86B /* Model */ = {
			isa = PBXGroup;
			children = (
				CCCB48442AFFB1BF008FF86B /* Transaction.swift */,
				CCCB48562AFFC37B008FF86B /* AppScreen.swift */,
				CCCB48542AFFBFEF008FF86B /* PreviewSampleData.swift */,
				CCCB48462AFFB2A8008FF86B /* Category.swift */,
				CCCB48482AFFB354008FF86B /* CodableColor.swift */,
				CCCB48642AFFD681008FF86B /* PrefersTabNavigationEnvironmentKey.swift */,
			);
			path = Model;
			sourceTree = "<group>";
		};
		CCCB48432AFFB1A2008FF86B /* Extension */ = {
			isa = PBXGroup;
			children = (
				CCCB484A2AFFB376008FF86B /* Color+Extension.swift */,
				CCCB48742B00701B008FF86B /* Optional+Extension.swift */,
				CCCB48622AFFCCAE008FF86B /* FormatStyle + Extension.swift */,
				CCCB484C2AFFB37E008FF86B /* UIColor+Extension.swift */,
				CCCB48502AFFBB55008FF86B /* Transaction+Extension.swift */,
				CCCB48522AFFBCAB008FF86B /* Category+Extension.swift */,
				CC1410ED2B01990D00ADA0FD /* TransactionEditor+Extension.swift */,
			);
			path = Extension;
			sourceTree = "<group>";
		};
/* End PBXGroup section */

/* Begin PBXNativeTarget section */
		CC70BF212B00E97A00CB22DA /* SuperExpenseWidgetExtension */ = {
			isa = PBXNativeTarget;
			buildConfigurationList = CC70BF332B00E97C00CB22DA /* Build configuration list for PBXNativeTarget "SuperExpenseWidgetExtension" */;
			buildPhases = (
				CC70BF1E2B00E97A00CB22DA /* Sources */,
				CC70BF1F2B00E97A00CB22DA /* Frameworks */,
				CC70BF202B00E97A00CB22DA /* Resources */,
			);
			buildRules = (
			);
			dependencies = (
			);
			name = SuperExpenseWidgetExtension;
			productName = SuperExpenseWidgetExtension;
			productReference = CC70BF222B00E97A00CB22DA /* SuperExpenseWidgetExtension.appex */;
			productType = "com.apple.product-type.app-extension";
		};
		CCCB482E2AFFB14E008FF86B /* SuperExpenses */ = {
			isa = PBXNativeTarget;
			buildConfigurationList = CCCB483E2AFFB150008FF86B /* Build configuration list for PBXNativeTarget "SuperExpenses" */;
			buildPhases = (
				CCCB482B2AFFB14E008FF86B /* Sources */,
				CCCB482C2AFFB14E008FF86B /* Frameworks */,
				CCCB482D2AFFB14E008FF86B /* Resources */,
				CC70BF362B00E97C00CB22DA /* Embed Foundation Extensions */,
			);
			buildRules = (
			);
			dependencies = (
				CC70BF312B00E97C00CB22DA /* PBXTargetDependency */,
			);
			name = SuperExpenses;
			productName = SuperExpenses;
			productReference = CCCB482F2AFFB14E008FF86B /* SuperExpenses.app */;
			productType = "com.apple.product-type.application";
		};
/* End PBXNativeTarget section */

/* Begin PBXProject section */
		CCCB48272AFFB14E008FF86B /* Project object */ = {
			isa = PBXProject;
			attributes = {
				BuildIndependentTargetsInParallel = 1;
				LastSwiftUpdateCheck = 1500;
				LastUpgradeCheck = 1500;
				TargetAttributes = {
					CC70BF212B00E97A00CB22DA = {
						CreatedOnToolsVersion = 15.0.1;
					};
					CCCB482E2AFFB14E008FF86B = {
						CreatedOnToolsVersion = 15.0.1;
					};
				};
			};
			buildConfigurationList = CCCB482A2AFFB14E008FF86B /* Build configuration list for PBXProject "SuperExpenses" */;
			compatibilityVersion = "Xcode 14.0";
			developmentRegion = en;
			hasScannedForEncodings = 0;
			knownRegions = (
				en,
				Base,
			);
			mainGroup = CCCB48262AFFB14E008FF86B;
			productRefGroup = CCCB48302AFFB14E008FF86B /* Products */;
			projectDirPath = "";
			projectRoot = "";
			targets = (
				CCCB482E2AFFB14E008FF86B /* SuperExpenses */,
				CC70BF212B00E97A00CB22DA /* SuperExpenseWidgetExtension */,
			);
		};
/* End PBXProject section */

/* Begin PBXResourcesBuildPhase section */
		CC70BF202B00E97A00CB22DA /* Resources */ = {
			isa = PBXResourcesBuildPhase;
			buildActionMask = 2147483647;
			files = (
				CC70BF2E2B00E97C00CB22DA /* Assets.xcassets in Resources */,
			);
			runOnlyForDeploymentPostprocessing = 0;
		};
		CCCB482D2AFFB14E008FF86B /* Resources */ = {
			isa = PBXResourcesBuildPhase;
			buildActionMask = 2147483647;
			files = (
				CCCB483B2AFFB150008FF86B /* Preview Assets.xcassets in Resources */,
				CCCB48372AFFB150008FF86B /* Assets.xcassets in Resources */,
			);
			runOnlyForDeploymentPostprocessing = 0;
		};
/* End PBXResourcesBuildPhase section */

/* Begin PBXSourcesBuildPhase section */
		CC70BF1E2B00E97A00CB22DA /* Sources */ = {
			isa = PBXSourcesBuildPhase;
			buildActionMask = 2147483647;
			files = (
				CC1410E12B00EBE500ADA0FD /* Transaction+Extension.swift in Sources */,
				CC70BF2C2B00E97A00CB22DA /* SuperExpenseWidget.swift in Sources */,
				CC1410DD2B00EBD400ADA0FD /* Color+Extension.swift in Sources */,
				CC1410D92B00EBC700ADA0FD /* PreviewSampleData.swift in Sources */,
				CC1410E02B00EBE100ADA0FD /* UIColor+Extension.swift in Sources */,
				CC1410E32B00FF8C00ADA0FD /* TransactionView.swift in Sources */,
				CC70BF2A2B00E97A00CB22DA /* SuperExpenseWidgetBundle.swift in Sources */,
				CC1410DB2B00EBCC00ADA0FD /* CodableColor.swift in Sources */,
				CC1410E22B00EBE700ADA0FD /* Category+Extension.swift in Sources */,
				CC1410D72B00EBBD00ADA0FD /* Transaction.swift in Sources */,
				CC1410DE2B00EBDA00ADA0FD /* Optional+Extension.swift in Sources */,
				CC1410DF2B00EBDD00ADA0FD /* FormatStyle + Extension.swift in Sources */,
				CC1410DA2B00EBC900ADA0FD /* Category.swift in Sources */,
				CC1410DC2B00EBCE00ADA0FD /* PrefersTabNavigationEnvironmentKey.swift in Sources */,
			);
			runOnlyForDeploymentPostprocessing = 0;
		};
		CCCB482B2AFFB14E008FF86B /* Sources */ = {
			isa = PBXSourcesBuildPhase;
			buildActionMask = 2147483647;
			files = (
				CCCB484D2AFFB37E008FF86B /* UIColor+Extension.swift in Sources */,
				CCCB48792B0085D2008FF86B /* AllTransactions.swift in Sources */,
				CCCB486B2AFFD803008FF86B /* AppSidebarList.swift in Sources */,
				CCCB48492AFFB354008FF86B /* CodableColor.swift in Sources */,
				CCCB48532AFFBCAB008FF86B /* Category+Extension.swift in Sources */,
				CCCB484B2AFFB376008FF86B /* Color+Extension.swift in Sources */,
				CCCB48552AFFBFEF008FF86B /* PreviewSampleData.swift in Sources */,
				CCCB48592AFFC669008FF86B /* Home.swift in Sources */,
				CCCB48732B006CDE008FF86B /* TransactionEditor.swift in Sources */,
				CCCB48692AFFD7C9008FF86B /* TransactionDetailView.swift in Sources */,
				CCCB48512AFFBB55008FF86B /* Transaction+Extension.swift in Sources */,
				CC1410EC2B01910800ADA0FD /* DetailRow.swift in Sources */,
				CCCB486D2AFFD872008FF86B /* AppContentColumn.swift in Sources */,
				CCCB48352AFFB14E008FF86B /* ContentView.swift in Sources */,
				CCCB485F2AFFC690008FF86B /* Profile.swift in Sources */,
				CCCB48332AFFB14E008FF86B /* SuperExpensesApp.swift in Sources */,
				CC1410EE2B01990D00ADA0FD /* TransactionEditor+Extension.swift in Sources */,
				CCCB486F2AFFD8EA008FF86B /* AppDetailColumn.swift in Sources */,
				CCCB48452AFFB1BF008FF86B /* Transaction.swift in Sources */,
				CCCB48472AFFB2A8008FF86B /* Category.swift in Sources */,
				CCCB48612AFFC6EE008FF86B /* TransactionView.swift in Sources */,
				CCCB48772B007D68008FF86B /* CategoryListView.swift in Sources */,
				CCCB48632AFFCCAE008FF86B /* FormatStyle + Extension.swift in Sources */,
				CC1410E82B018B7F00ADA0FD /* DataModel.swift in Sources */,
				CCCB48572AFFC37B008FF86B /* AppScreen.swift in Sources */,
				CCCB485D2AFFC687008FF86B /* Statistics.swift in Sources */,
				CCCB485B2AFFC678008FF86B /* TransactionsView.swift in Sources */,
				CCCB48752B00701B008FF86B /* Optional+Extension.swift in Sources */,
				CCCB48672AFFD6EB008FF86B /* AppTabView.swift in Sources */,
				CC1410EA2B01903800ADA0FD /* TransactionListView.swift in Sources */,
				CCCB48652AFFD681008FF86B /* PrefersTabNavigationEnvironmentKey.swift in Sources */,
			);
			runOnlyForDeploymentPostprocessing = 0;
		};
/* End PBXSourcesBuildPhase section */

/* Begin PBXTargetDependency section */
		CC70BF312B00E97C00CB22DA /* PBXTargetDependency */ = {
			isa = PBXTargetDependency;
			target = CC70BF212B00E97A00CB22DA /* SuperExpenseWidgetExtension */;
			targetProxy = CC70BF302B00E97C00CB22DA /* PBXContainerItemProxy */;
		};
/* End PBXTargetDependency section */

/* Begin XCBuildConfiguration section */
		CC70BF342B00E97C00CB22DA /* Debug */ = {
			isa = XCBuildConfiguration;
			buildSettings = {
				ASSETCATALOG_COMPILER_GLOBAL_ACCENT_COLOR_NAME = AccentColor;
				ASSETCATALOG_COMPILER_WIDGET_BACKGROUND_COLOR_NAME = WidgetBackground;
				CODE_SIGN_ENTITLEMENTS = SuperExpenseWidgetExtension.entitlements;
				CODE_SIGN_STYLE = Automatic;
				CURRENT_PROJECT_VERSION = 1;
				DEVELOPMENT_TEAM = 88QL9VPLMY;
				GENERATE_INFOPLIST_FILE = YES;
				INFOPLIST_FILE = SuperExpenseWidget/Info.plist;
				INFOPLIST_KEY_CFBundleDisplayName = SuperExpenseWidget;
				INFOPLIST_KEY_NSHumanReadableCopyright = "";
				IPHONEOS_DEPLOYMENT_TARGET = 17.0;
				LD_RUNPATH_SEARCH_PATHS = (
					"$(inherited)",
					"@executable_path/Frameworks",
					"@executable_path/../../Frameworks",
				);
				MARKETING_VERSION = 1.0;
				PRODUCT_BUNDLE_IDENTIFIER = com.transfinite.SuperExpenses.SuperExpenseWidget;
				PRODUCT_NAME = "$(TARGET_NAME)";
				SDKROOT = iphoneos;
				SKIP_INSTALL = YES;
				SWIFT_EMIT_LOC_STRINGS = YES;
				SWIFT_VERSION = 5.0;
				TARGETED_DEVICE_FAMILY = "1,2";
			};
			name = Debug;
		};
		CC70BF352B00E97C00CB22DA /* Release */ = {
			isa = XCBuildConfiguration;
			buildSettings = {
				ASSETCATALOG_COMPILER_GLOBAL_ACCENT_COLOR_NAME = AccentColor;
				ASSETCATALOG_COMPILER_WIDGET_BACKGROUND_COLOR_NAME = WidgetBackground;
				CODE_SIGN_ENTITLEMENTS = SuperExpenseWidgetExtension.entitlements;
				CODE_SIGN_STYLE = Automatic;
				CURRENT_PROJECT_VERSION = 1;
				DEVELOPMENT_TEAM = 88QL9VPLMY;
				GENERATE_INFOPLIST_FILE = YES;
				INFOPLIST_FILE = SuperExpenseWidget/Info.plist;
				INFOPLIST_KEY_CFBundleDisplayName = SuperExpenseWidget;
				INFOPLIST_KEY_NSHumanReadableCopyright = "";
				IPHONEOS_DEPLOYMENT_TARGET = 17.0;
				LD_RUNPATH_SEARCH_PATHS = (
					"$(inherited)",
					"@executable_path/Frameworks",
					"@executable_path/../../Frameworks",
				);
				MARKETING_VERSION = 1.0;
				PRODUCT_BUNDLE_IDENTIFIER = com.transfinite.SuperExpenses.SuperExpenseWidget;
				PRODUCT_NAME = "$(TARGET_NAME)";
				SDKROOT = iphoneos;
				SKIP_INSTALL = YES;
				SWIFT_EMIT_LOC_STRINGS = YES;
				SWIFT_VERSION = 5.0;
				TARGETED_DEVICE_FAMILY = "1,2";
				VALIDATE_PRODUCT = YES;
			};
			name = Release;
		};
		CCCB483C2AFFB150008FF86B /* Debug */ = {
			isa = XCBuildConfiguration;
			buildSettings = {
				ALWAYS_SEARCH_USER_PATHS = NO;
				ASSETCATALOG_COMPILER_GENERATE_SWIFT_ASSET_SYMBOL_EXTENSIONS = YES;
				CLANG_ANALYZER_NONNULL = YES;
				CLANG_ANALYZER_NUMBER_OBJECT_CONVERSION = YES_AGGRESSIVE;
				CLANG_CXX_LANGUAGE_STANDARD = "gnu++20";
				CLANG_ENABLE_MODULES = YES;
				CLANG_ENABLE_OBJC_ARC = YES;
				CLANG_ENABLE_OBJC_WEAK = YES;
				CLANG_WARN_BLOCK_CAPTURE_AUTORELEASING = YES;
				CLANG_WARN_BOOL_CONVERSION = YES;
				CLANG_WARN_COMMA = YES;
				CLANG_WARN_CONSTANT_CONVERSION = YES;
				CLANG_WARN_DEPRECATED_OBJC_IMPLEMENTATIONS = YES;
				CLANG_WARN_DIRECT_OBJC_ISA_USAGE = YES_ERROR;
				CLANG_WARN_DOCUMENTATION_COMMENTS = YES;
				CLANG_WARN_EMPTY_BODY = YES;
				CLANG_WARN_ENUM_CONVERSION = YES;
				CLANG_WARN_INFINITE_RECURSION = YES;
				CLANG_WARN_INT_CONVERSION = YES;
				CLANG_WARN_NON_LITERAL_NULL_CONVERSION = YES;
				CLANG_WARN_OBJC_IMPLICIT_RETAIN_SELF = YES;
				CLANG_WARN_OBJC_LITERAL_CONVERSION = YES;
				CLANG_WARN_OBJC_ROOT_CLASS = YES_ERROR;
				CLANG_WARN_QUOTED_INCLUDE_IN_FRAMEWORK_HEADER = YES;
				CLANG_WARN_RANGE_LOOP_ANALYSIS = YES;
				CLANG_WARN_STRICT_PROTOTYPES = YES;
				CLANG_WARN_SUSPICIOUS_MOVE = YES;
				CLANG_WARN_UNGUARDED_AVAILABILITY = YES_AGGRESSIVE;
				CLANG_WARN_UNREACHABLE_CODE = YES;
				CLANG_WARN__DUPLICATE_METHOD_MATCH = YES;
				COPY_PHASE_STRIP = NO;
				DEBUG_INFORMATION_FORMAT = dwarf;
				ENABLE_STRICT_OBJC_MSGSEND = YES;
				ENABLE_TESTABILITY = YES;
				ENABLE_USER_SCRIPT_SANDBOXING = YES;
				GCC_C_LANGUAGE_STANDARD = gnu17;
				GCC_DYNAMIC_NO_PIC = NO;
				GCC_NO_COMMON_BLOCKS = YES;
				GCC_OPTIMIZATION_LEVEL = 0;
				GCC_PREPROCESSOR_DEFINITIONS = (
					"DEBUG=1",
					"$(inherited)",
				);
				GCC_WARN_64_TO_32_BIT_CONVERSION = YES;
				GCC_WARN_ABOUT_RETURN_TYPE = YES_ERROR;
				GCC_WARN_UNDECLARED_SELECTOR = YES;
				GCC_WARN_UNINITIALIZED_AUTOS = YES_AGGRESSIVE;
				GCC_WARN_UNUSED_FUNCTION = YES;
				GCC_WARN_UNUSED_VARIABLE = YES;
				LOCALIZATION_PREFERS_STRING_CATALOGS = YES;
				MTL_ENABLE_DEBUG_INFO = INCLUDE_SOURCE;
				MTL_FAST_MATH = YES;
				ONLY_ACTIVE_ARCH = YES;
				SWIFT_ACTIVE_COMPILATION_CONDITIONS = "DEBUG $(inherited)";
				SWIFT_OPTIMIZATION_LEVEL = "-Onone";
			};
			name = Debug;
		};
		CCCB483D2AFFB150008FF86B /* Release */ = {
			isa = XCBuildConfiguration;
			buildSettings = {
				ALWAYS_SEARCH_USER_PATHS = NO;
				ASSETCATALOG_COMPILER_GENERATE_SWIFT_ASSET_SYMBOL_EXTENSIONS = YES;
				CLANG_ANALYZER_NONNULL = YES;
				CLANG_ANALYZER_NUMBER_OBJECT_CONVERSION = YES_AGGRESSIVE;
				CLANG_CXX_LANGUAGE_STANDARD = "gnu++20";
				CLANG_ENABLE_MODULES = YES;
				CLANG_ENABLE_OBJC_ARC = YES;
				CLANG_ENABLE_OBJC_WEAK = YES;
				CLANG_WARN_BLOCK_CAPTURE_AUTORELEASING = YES;
				CLANG_WARN_BOOL_CONVERSION = YES;
				CLANG_WARN_COMMA = YES;
				CLANG_WARN_CONSTANT_CONVERSION = YES;
				CLANG_WARN_DEPRECATED_OBJC_IMPLEMENTATIONS = YES;
				CLANG_WARN_DIRECT_OBJC_ISA_USAGE = YES_ERROR;
				CLANG_WARN_DOCUMENTATION_COMMENTS = YES;
				CLANG_WARN_EMPTY_BODY = YES;
				CLANG_WARN_ENUM_CONVERSION = YES;
				CLANG_WARN_INFINITE_RECURSION = YES;
				CLANG_WARN_INT_CONVERSION = YES;
				CLANG_WARN_NON_LITERAL_NULL_CONVERSION = YES;
				CLANG_WARN_OBJC_IMPLICIT_RETAIN_SELF = YES;
				CLANG_WARN_OBJC_LITERAL_CONVERSION = YES;
				CLANG_WARN_OBJC_ROOT_CLASS = YES_ERROR;
				CLANG_WARN_QUOTED_INCLUDE_IN_FRAMEWORK_HEADER = YES;
				CLANG_WARN_RANGE_LOOP_ANALYSIS = YES;
				CLANG_WARN_STRICT_PROTOTYPES = YES;
				CLANG_WARN_SUSPICIOUS_MOVE = YES;
				CLANG_WARN_UNGUARDED_AVAILABILITY = YES_AGGRESSIVE;
				CLANG_WARN_UNREACHABLE_CODE = YES;
				CLANG_WARN__DUPLICATE_METHOD_MATCH = YES;
				COPY_PHASE_STRIP = NO;
				DEBUG_INFORMATION_FORMAT = "dwarf-with-dsym";
				ENABLE_NS_ASSERTIONS = NO;
				ENABLE_STRICT_OBJC_MSGSEND = YES;
				ENABLE_USER_SCRIPT_SANDBOXING = YES;
				GCC_C_LANGUAGE_STANDARD = gnu17;
				GCC_NO_COMMON_BLOCKS = YES;
				GCC_WARN_64_TO_32_BIT_CONVERSION = YES;
				GCC_WARN_ABOUT_RETURN_TYPE = YES_ERROR;
				GCC_WARN_UNDECLARED_SELECTOR = YES;
				GCC_WARN_UNINITIALIZED_AUTOS = YES_AGGRESSIVE;
				GCC_WARN_UNUSED_FUNCTION = YES;
				GCC_WARN_UNUSED_VARIABLE = YES;
				LOCALIZATION_PREFERS_STRING_CATALOGS = YES;
				MTL_ENABLE_DEBUG_INFO = NO;
				MTL_FAST_MATH = YES;
				SWIFT_COMPILATION_MODE = wholemodule;
			};
			name = Release;
		};
		CCCB483F2AFFB150008FF86B /* Debug */ = {
			isa = XCBuildConfiguration;
			buildSettings = {
				ALWAYS_EMBED_SWIFT_STANDARD_LIBRARIES = YES;
				ASSETCATALOG_COMPILER_APPICON_NAME = AppIcon;
				ASSETCATALOG_COMPILER_GLOBAL_ACCENT_COLOR_NAME = AccentColor;
				CODE_SIGN_ENTITLEMENTS = SuperExpenses/SuperExpenses.entitlements;
				CODE_SIGN_STYLE = Automatic;
				CURRENT_PROJECT_VERSION = 1;
				DEVELOPMENT_ASSET_PATHS = "\"SuperExpenses/Preview Content\"";
				DEVELOPMENT_TEAM = 88QL9VPLMY;
				ENABLE_HARDENED_RUNTIME = YES;
				ENABLE_PREVIEWS = YES;
				GENERATE_INFOPLIST_FILE = YES;
				INFOPLIST_FILE = SuperExpenses/Info.plist;
				"INFOPLIST_KEY_UIApplicationSceneManifest_Generation[sdk=iphoneos*]" = YES;
				"INFOPLIST_KEY_UIApplicationSceneManifest_Generation[sdk=iphonesimulator*]" = YES;
				"INFOPLIST_KEY_UIApplicationSupportsIndirectInputEvents[sdk=iphoneos*]" = YES;
				"INFOPLIST_KEY_UIApplicationSupportsIndirectInputEvents[sdk=iphonesimulator*]" = YES;
				"INFOPLIST_KEY_UILaunchScreen_Generation[sdk=iphoneos*]" = YES;
				"INFOPLIST_KEY_UILaunchScreen_Generation[sdk=iphonesimulator*]" = YES;
				"INFOPLIST_KEY_UIStatusBarStyle[sdk=iphoneos*]" = UIStatusBarStyleDefault;
				"INFOPLIST_KEY_UIStatusBarStyle[sdk=iphonesimulator*]" = UIStatusBarStyleDefault;
				INFOPLIST_KEY_UISupportedInterfaceOrientations_iPad = "UIInterfaceOrientationPortrait UIInterfaceOrientationPortraitUpsideDown UIInterfaceOrientationLandscapeLeft UIInterfaceOrientationLandscapeRight";
				INFOPLIST_KEY_UISupportedInterfaceOrientations_iPhone = "UIInterfaceOrientationPortrait UIInterfaceOrientationLandscapeLeft UIInterfaceOrientationLandscapeRight";
				IPHONEOS_DEPLOYMENT_TARGET = 17.0;
				LD_RUNPATH_SEARCH_PATHS = "@executable_path/Frameworks";
				"LD_RUNPATH_SEARCH_PATHS[sdk=macosx*]" = "@executable_path/../Frameworks";
				MACOSX_DEPLOYMENT_TARGET = 14.0;
				MARKETING_VERSION = 1.0;
				PRODUCT_BUNDLE_IDENTIFIER = com.transfinite.SuperExpenses;
				PRODUCT_NAME = "$(TARGET_NAME)";
				SDKROOT = auto;
				SUPPORTED_PLATFORMS = "iphoneos iphonesimulator macosx";
				SWIFT_EMIT_LOC_STRINGS = YES;
				SWIFT_VERSION = 5.0;
				TARGETED_DEVICE_FAMILY = "1,2";
			};
			name = Debug;
		};
		CCCB48402AFFB150008FF86B /* Release */ = {
			isa = XCBuildConfiguration;
			buildSettings = {
				ALWAYS_EMBED_SWIFT_STANDARD_LIBRARIES = YES;
				ASSETCATALOG_COMPILER_APPICON_NAME = AppIcon;
				ASSETCATALOG_COMPILER_GLOBAL_ACCENT_COLOR_NAME = AccentColor;
				CODE_SIGN_ENTITLEMENTS = SuperExpenses/SuperExpenses.entitlements;
				CODE_SIGN_STYLE = Automatic;
				CURRENT_PROJECT_VERSION = 1;
				DEVELOPMENT_ASSET_PATHS = "\"SuperExpenses/Preview Content\"";
				DEVELOPMENT_TEAM = 88QL9VPLMY;
				ENABLE_HARDENED_RUNTIME = YES;
				ENABLE_PREVIEWS = YES;
				GENERATE_INFOPLIST_FILE = YES;
				INFOPLIST_FILE = SuperExpenses/Info.plist;
				"INFOPLIST_KEY_UIApplicationSceneManifest_Generation[sdk=iphoneos*]" = YES;
				"INFOPLIST_KEY_UIApplicationSceneManifest_Generation[sdk=iphonesimulator*]" = YES;
				"INFOPLIST_KEY_UIApplicationSupportsIndirectInputEvents[sdk=iphoneos*]" = YES;
				"INFOPLIST_KEY_UIApplicationSupportsIndirectInputEvents[sdk=iphonesimulator*]" = YES;
				"INFOPLIST_KEY_UILaunchScreen_Generation[sdk=iphoneos*]" = YES;
				"INFOPLIST_KEY_UILaunchScreen_Generation[sdk=iphonesimulator*]" = YES;
				"INFOPLIST_KEY_UIStatusBarStyle[sdk=iphoneos*]" = UIStatusBarStyleDefault;
				"INFOPLIST_KEY_UIStatusBarStyle[sdk=iphonesimulator*]" = UIStatusBarStyleDefault;
				INFOPLIST_KEY_UISupportedInterfaceOrientations_iPad = "UIInterfaceOrientationPortrait UIInterfaceOrientationPortraitUpsideDown UIInterfaceOrientationLandscapeLeft UIInterfaceOrientationLandscapeRight";
				INFOPLIST_KEY_UISupportedInterfaceOrientations_iPhone = "UIInterfaceOrientationPortrait UIInterfaceOrientationLandscapeLeft UIInterfaceOrientationLandscapeRight";
				IPHONEOS_DEPLOYMENT_TARGET = 17.0;
				LD_RUNPATH_SEARCH_PATHS = "@executable_path/Frameworks";
				"LD_RUNPATH_SEARCH_PATHS[sdk=macosx*]" = "@executable_path/../Frameworks";
				MACOSX_DEPLOYMENT_TARGET = 14.0;
				MARKETING_VERSION = 1.0;
				PRODUCT_BUNDLE_IDENTIFIER = com.transfinite.SuperExpenses;
				PRODUCT_NAME = "$(TARGET_NAME)";
				SDKROOT = auto;
				SUPPORTED_PLATFORMS = "iphoneos iphonesimulator macosx";
				SWIFT_EMIT_LOC_STRINGS = YES;
				SWIFT_VERSION = 5.0;
				TARGETED_DEVICE_FAMILY = "1,2";
			};
			name = Release;
		};
/* End XCBuildConfiguration section */

/* Begin XCConfigurationList section */
		CC70BF332B00E97C00CB22DA /* Build configuration list for PBXNativeTarget "SuperExpenseWidgetExtension" */ = {
			isa = XCConfigurationList;
			buildConfigurations = (
				CC70BF342B00E97C00CB22DA /* Debug */,
				CC70BF352B00E97C00CB22DA /* Release */,
			);
			defaultConfigurationIsVisible = 0;
			defaultConfigurationName = Release;
		};
		CCCB482A2AFFB14E008FF86B /* Build configuration list for PBXProject "SuperExpenses" */ = {
			isa = XCConfigurationList;
			buildConfigurations = (
				CCCB483C2AFFB150008FF86B /* Debug */,
				CCCB483D2AFFB150008FF86B /* Release */,
			);
			defaultConfigurationIsVisible = 0;
			defaultConfigurationName = Release;
		};
		CCCB483E2AFFB150008FF86B /* Build configuration list for PBXNativeTarget "SuperExpenses" */ = {
			isa = XCConfigurationList;
			buildConfigurations = (
				CCCB483F2AFFB150008FF86B /* Debug */,
				CCCB48402AFFB150008FF86B /* Release */,
			);
			defaultConfigurationIsVisible = 0;
			defaultConfigurationName = Release;
		};
/* End XCConfigurationList section */
	};
	rootObject = CCCB48272AFFB14E008FF86B /* Project object */;
}
